
Microsoft Visual Studio Solution File, Format Version 12.00
# Visual Studio 2012
Project("{930C7802-8A8C-48F9-8165-68863BCCD9DD}") = "PrereqBootstrapper", "PrereqBootstrapper\PrereqBootstrapper.wixproj", "{0CFF5A00-B93C-4AFD-868F-A35A5A2CAC82}"
	ProjectSection(ProjectDependencies) = postProject
		{C753EF93-888A-46B5-999D-C8F4E539E043} = {C753EF93-888A-46B5-999D-C8F4E539E043}
	EndProjectSection
EndProject
Project("{930C7802-8A8C-48F9-8165-68863BCCD9DD}") = "PrereqSetup", "PrereqSetup\PrereqSetup.wixproj", "{C753EF93-888A-46B5-999D-C8F4E539E043}"
	ProjectSection(ProjectDependencies) = postProject
		{A9D0A7F5-00BF-40BB-A22B-71D99F860E17} = {A9D0A7F5-00BF-40BB-A22B-71D99F860E17}
	EndProjectSection
EndProject
Project("{FAE04EC0-301F-11D3-BF4B-00C04F79EFBC}") = "CustomAction", "CustomAction\CustomAction.csproj", "{A9D0A7F5-00BF-40BB-A22B-71D99F860E17}"
EndProject
Global
	GlobalSection(SolutionConfigurationPlatforms) = preSolution
		Debug|x64 = Debug|x64
		Debug|x86 = Debug|x86
		Release|x64 = Release|x64
		Release|x86 = Release|x86
	EndGlobalSection
	GlobalSection(ProjectConfigurationPlatforms) = postSolution
		{0CFF5A00-B93C-4AFD-868F-A35A5A2CAC82}.Debug|x64.ActiveCfg = Debug|x64
		{0CFF5A00-B93C-4AFD-868F-A35A5A2CAC82}.Debug|x64.Build.0 = Debug|x64
		{0CFF5A00-B93C-4AFD-868F-A35A5A2CAC82}.Debug|x86.ActiveCfg = Debug|x86
		{0CFF5A00-B93C-4AFD-868F-A35A5A2CAC82}.Debug|x86.Build.0 = Debug|x86
		{0CFF5A00-B93C-4AFD-868F-A35A5A2CAC82}.Release|x64.ActiveCfg = Release|x64
		{0CFF5A00-B93C-4AFD-868F-A35A5A2CAC82}.Release|x64.Build.0 = Release|x64
		{0CFF5A00-B93C-4AFD-868F-A35A5A2CAC82}.Release|x86.ActiveCfg = Release|x86
		{0CFF5A00-B93C-4AFD-868F-A35A5A2CAC82}.Release|x86.Build.0 = Release|x86
		{C753EF93-888A-46B5-999D-C8F4E539E043}.Debug|x64.ActiveCfg = Debug|x64
		{C753EF93-888A-46B5-999D-C8F4E539E043}.Debug|x64.Build.0 = Debug|x64
		{C753EF93-888A-46B5-999D-C8F4E539E043}.Debug|x86.ActiveCfg = Debug|x86
		{C753EF93-888A-46B5-999D-C8F4E539E043}.Debug|x86.Build.0 = Debug|x86
		{C753EF93-888A-46B5-999D-C8F4E539E043}.Release|x64.ActiveCfg = Release|x64
		{C753EF93-888A-46B5-999D-C8F4E539E043}.Release|x64.Build.0 = Release|x64
		{C753EF93-888A-46B5-999D-C8F4E539E043}.Release|x86.ActiveCfg = Release|x86
		{C753EF93-888A-46B5-999D-C8F4E539E043}.Release|x86.Build.0 = Release|x86
		{A9D0A7F5-00BF-40BB-A22B-71D99F860E17}.Debug|x64.ActiveCfg = Debug|x64
		{A9D0A7F5-00BF-40BB-A22B-71D99F860E17}.Debug|x64.Build.0 = Debug|x64
		{A9D0A7F5-00BF-40BB-A22B-71D99F860E17}.Debug|x86.ActiveCfg = Debug|x86
		{A9D0A7F5-00BF-40BB-A22B-71D99F860E17}.Debug|x86.Build.0 = Debug|x86
		{A9D0A7F5-00BF-40BB-A22B-71D99F860E17}.Release|x64.ActiveCfg = Release|x64
		{A9D0A7F5-00BF-40BB-A22B-71D99F860E17}.Release|x64.Build.0 = Release|x64
		{A9D0A7F5-00BF-40BB-A22B-71D99F860E17}.Release|x86.ActiveCfg = Release|x86
		{A9D0A7F5-00BF-40BB-A22B-71D99F860E17}.Release|x86.Build.0 = Release|x86
	EndGlobalSection
	GlobalSection(SolutionProperties) = preSolution
		HideSolutionNode = FALSE
	EndGlobalSection
EndGlobal
