
Microsoft Visual Studio Solution File, Format Version 12.00
# Visual Studio Version 16
VisualStudioVersion = 16.0.28803.352
MinimumVisualStudioVersion = 10.0.40219.1
Project("{FAE04EC0-301F-11D3-BF4B-00C04F79EFBC}") = "UnrealVS_2019", "UnrealVS_2019.csproj", "{C0EE3E24-0255-4D0E-9369-82247AD5E2DD}"
EndProject
Global
	GlobalSection(SolutionConfigurationPlatforms) = preSolution
		VS16 Debug|Any CPU = VS16 Debug|Any CPU
		VS16 Release|Any CPU = VS16 Release|Any CPU
	EndGlobalSection
	GlobalSection(ProjectConfigurationPlatforms) = postSolution
		{C0EE3E24-0255-4D0E-9369-82247AD5E2DD}.VS16 Debug|Any CPU.ActiveCfg = VS16|Any CPU
		{C0EE3E24-0255-4D0E-9369-82247AD5E2DD}.VS16 Debug|Any CPU.Build.0 = VS16|Any CPU
		{C0EE3E24-0255-4D0E-9369-82247AD5E2DD}.VS16 Release|Any CPU.ActiveCfg = VS16|Any CPU
		{C0EE3E24-0255-4D0E-9369-82247AD5E2DD}.VS16 Release|Any CPU.Build.0 = VS16|Any CPU
	EndGlobalSection
	GlobalSection(SolutionProperties) = preSolution
		HideSolutionNode = FALSE
	EndGlobalSection
	GlobalSection(ExtensibilityGlobals) = postSolution
		SolutionGuid = {648A646E-29B5-4383-A23E-7754BA4CD43D}
	EndGlobalSection
EndGlobal
