<?xml version="1.0" encoding="utf-8"?>
<Project ToolsVersion="4.0" xmlns="http://schemas.microsoft.com/developer/msbuild/2003">
  <ItemGroup>
    <Filter Include="Logging">
      <UniqueIdentifier>{b50b70f7-e6ef-4f6b-80ac-2d47296bab76}</UniqueIdentifier>
    </Filter>
    <Filter Include="stuff">
      <UniqueIdentifier>{a9ea3ac3-3edf-401f-9136-63912ba63ef5}</UniqueIdentifier>
    </Filter>
  </ItemGroup>
  <ItemGroup>
    <ClCompile Include="src\Console.cpp">
      <Filter>Logging</Filter>
    </ClCompile>
    <ClCompile Include="src\Logging.cpp">
      <Filter>Logging</Filter>
    </ClCompile>
    <ClCompile Include="src\WebRTCLogging.cpp">
      <Filter>Logging</Filter>
    </ClCompile>
    <ClCompile Include="src\FileLogOutput.cpp">
      <Filter>Logging</Filter>
    </ClCompile>
    <ClCompile Include="src\CmdLine.cpp">
      <Filter>stuff</Filter>
    </ClCompile>
    <ClCompile Include="src\StringUtils.cpp">
      <Filter>stuff</Filter>
    </ClCompile>
    <ClCompile Include="src\TimeUtils.cpp">
      <Filter>stuff</Filter>
    </ClCompile>
    <ClCompile Include="src\WebRTCProxyPCH.cpp">
      <Filter>stuff</Filter>
    </ClCompile>
    <ClCompile Include="src\WebRTCProxyCommon.cpp">
      <Filter>stuff</Filter>
    </ClCompile>
    <ClCompile Include="src\AsyncConnection.cpp">
      <Filter>stuff</Filter>
    </ClCompile>
    <ClCompile Include="src\CrashDetection.cpp">
      <Filter>stuff</Filter>
    </ClCompile>
    <ClCompile Include="src\CirrusConnection.cpp" />
    <ClCompile Include="src\Conductor.cpp" />
    <ClCompile Include="src\NetworkAudioCapturer.cpp" />
    <ClCompile Include="src\NetworkVideoCapturer.cpp" />
    <ClCompile Include="src\UE4Connection.cpp" />
    <ClCompile Include="src\VideoEncoder.cpp" />
    <ClCompile Include="src\WebRTCProxy.cpp" />
    <ClCompile Include="src\ClientSession.cpp" />
  </ItemGroup>
  <ItemGroup>
    <ClInclude Include="src\Console.h">
      <Filter>Logging</Filter>
    </ClInclude>
    <ClInclude Include="src\Logging.h">
      <Filter>Logging</Filter>
    </ClInclude>
    <ClInclude Include="src\WebRTCLogging.h">
      <Filter>Logging</Filter>
    </ClInclude>
    <ClInclude Include="src\FileLogOutput.h">
      <Filter>Logging</Filter>
    </ClInclude>
    <ClInclude Include="src\CmdLine.h">
      <Filter>stuff</Filter>
    </ClInclude>
    <ClInclude Include="src\ScopeGuard.h">
      <Filter>stuff</Filter>
    </ClInclude>
    <ClInclude Include="src\Semaphore.h">
      <Filter>stuff</Filter>
    </ClInclude>
    <ClInclude Include="src\SharedQueue.h">
      <Filter>stuff</Filter>
    </ClInclude>
    <ClInclude Include="src\StringUtils.h">
      <Filter>stuff</Filter>
    </ClInclude>
    <ClInclude Include="src\targetver.h">
      <Filter>stuff</Filter>
    </ClInclude>
    <ClInclude Include="src\TimeUtils.h">
      <Filter>stuff</Filter>
    </ClInclude>
    <ClInclude Include="src\WebRTCProxyPCH.h">
      <Filter>stuff</Filter>
    </ClInclude>
    <ClInclude Include="src\WebRTCProxyCommon.h">
      <Filter>stuff</Filter>
    </ClInclude>
    <ClInclude Include="src\AsyncConnection.h">
      <Filter>stuff</Filter>
    </ClInclude>
    <ClInclude Include="src\CrashDetection.h">
      <Filter>stuff</Filter>
    </ClInclude>
    <ClInclude Include="src\CirrusConnection.h" />
    <ClInclude Include="src\Conductor.h" />
    <ClInclude Include="src\H264FrameBuffer.h" />
    <ClInclude Include="src\NetworkAudioCapturer.h" />
    <ClInclude Include="src\NetworkVideoCapturer.h" />
    <ClInclude Include="src\UE4Connection.h" />
    <ClInclude Include="src\VideoEncoder.h" />
    <ClInclude Include="src\ClientSession.h" />
    <ClInclude Include="src\SetSessionDescriptionObserver.h" />
  </ItemGroup>
</Project>